
Microsoft Visual Studio Solution File, Format Version 12.00
# Visual Studio Version 16
VisualStudioVersion = 16.0.30128.74
MinimumVisualStudioVersion = 10.0.40219.1
Project("{F184B08F-C81C-45F6-A57F-5ABD9991F28F}") = "Transformer", "Transformer\Transformer.vbproj", "{1A6DA6C3-C1F5-43BE-8298-C6442AC37C98}"
EndProject
Global
	GlobalSection(SolutionConfigurationPlatforms) = preSolution
		Debug|x64 = Debug|x64
		Debug|x86 = Debug|x86
		Release|x64 = Release|x64
		Release|x86 = Release|x86
	EndGlobalSection
	GlobalSection(ProjectConfigurationPlatforms) = postSolution
		{1A6DA6C3-C1F5-43BE-8298-C6442AC37C98}.Debug|x64.ActiveCfg = Debug|x64
		{1A6DA6C3-C1F5-43BE-8298-C6442AC37C98}.Debug|x64.Build.0 = Debug|x64
		{1A6DA6C3-C1F5-43BE-8298-C6442AC37C98}.Debug|x86.ActiveCfg = Debug|x86
		{1A6DA6C3-C1F5-43BE-8298-C6442AC37C98}.Debug|x86.Build.0 = Debug|x86
		{1A6DA6C3-C1F5-43BE-8298-C6442AC37C98}.Release|x64.ActiveCfg = Release|x64
		{1A6DA6C3-C1F5-43BE-8298-C6442AC37C98}.Release|x64.Build.0 = Release|x64
		{1A6DA6C3-C1F5-43BE-8298-C6442AC37C98}.Release|x86.ActiveCfg = Release|x86
		{1A6DA6C3-C1F5-43BE-8298-C6442AC37C98}.Release|x86.Build.0 = Release|x86
	EndGlobalSection
	GlobalSection(SolutionProperties) = preSolution
		HideSolutionNode = FALSE
	EndGlobalSection
	GlobalSection(ExtensibilityGlobals) = postSolution
		SolutionGuid = {DA16D595-4503-46A5-8618-1F752AD9EE6B}
	EndGlobalSection
EndGlobal
