
Microsoft Visual Studio Solution File, Format Version 11.00
# Visual Studio 2010
Project("{F184B08F-C81C-45F6-A57F-5ABD9991F28F}") = "Transformer", "Transformer\Transformer.vbproj", "{1A6DA6C3-C1F5-43BE-8298-C6442AC37C98}"
EndProject
Global
	GlobalSection(SolutionConfigurationPlatforms) = preSolution
		Debug|x86 = Debug|x86
		Release|x86 = Release|x86
	EndGlobalSection
	GlobalSection(ProjectConfigurationPlatforms) = postSolution
		{1A6DA6C3-C1F5-43BE-8298-C6442AC37C98}.Debug|x86.ActiveCfg = Debug|x86
		{1A6DA6C3-C1F5-43BE-8298-C6442AC37C98}.Debug|x86.Build.0 = Debug|x86
		{1A6DA6C3-C1F5-43BE-8298-C6442AC37C98}.Release|x86.ActiveCfg = Release|x86
		{1A6DA6C3-C1F5-43BE-8298-C6442AC37C98}.Release|x86.Build.0 = Release|x86
	EndGlobalSection
	GlobalSection(SolutionProperties) = preSolution
		HideSolutionNode = FALSE
	EndGlobalSection
EndGlobal
